
Microsoft Visual Studio Solution File, Format Version 12.00
# Visual Studio 15
VisualStudioVersion = 15.0.25807.0
MinimumVisualStudioVersion = 10.0.40219.1
Project("{2150E333-8FDC-42A3-9474-1A3956D46DE8}") = "Engine", "Engine", "{A1960258-BE1F-459D-894E-3EFF4BD966D1}"
EndProject
Project("{2150E333-8FDC-42A3-9474-1A3956D46DE8}") = "Games", "Games", "{E08D1906-F683-4B01-BEDC-D561C716B789}"
EndProject
Project("{8BC9CEB8-8B4A-11D0-8D11-00A0C91BC942}") = "UE4", "Intermediate\ProjectFiles\UE4.vcxproj", "{6F74447A-61DE-45EA-9872-E3736B5AD2F6}"
EndProject
Project("{8BC9CEB8-8B4A-11D0-8D11-00A0C91BC942}") = "BigNanto", "Intermediate\ProjectFiles\BigNanto.vcxproj", "{32248383-A02A-448E-BC68-9F2679A81828}"
EndProject
Project("{2150E333-8FDC-42A3-9474-1A3956D46DE8}") = "Visualizers", "Visualizers", "{D356212E-B8FD-423B-851D-3C9DE930F77F}"
	ProjectSection(SolutionItems) = preProject
		..\..\..\..\..\Program Files\Epic Games\UE_4.22\Engine\Extras\VisualStudioDebugging\UE4.natvis = ..\..\..\..\..\Program Files\Epic Games\UE_4.22\Engine\Extras\VisualStudioDebugging\UE4.natvis
	EndProjectSection
EndProject
Global
	GlobalSection(SolutionConfigurationPlatforms) = preSolution
		DebugGame Editor|HTML5 = DebugGame Editor|HTML5
		DebugGame Editor|Win32 = DebugGame Editor|Win32
		DebugGame Editor|Win64 = DebugGame Editor|Win64
		DebugGame|HTML5 = DebugGame|HTML5
		DebugGame|Win32 = DebugGame|Win32
		DebugGame|Win64 = DebugGame|Win64
		Development Editor|HTML5 = Development Editor|HTML5
		Development Editor|Win32 = Development Editor|Win32
		Development Editor|Win64 = Development Editor|Win64
		Development|HTML5 = Development|HTML5
		Development|Win32 = Development|Win32
		Development|Win64 = Development|Win64
		Shipping|HTML5 = Shipping|HTML5
		Shipping|Win32 = Shipping|Win32
		Shipping|Win64 = Shipping|Win64
	EndGlobalSection
	GlobalSection(ProjectConfigurationPlatforms) = postSolution
		{6F74447A-61DE-45EA-9872-E3736B5AD2F6}.DebugGame Editor|HTML5.ActiveCfg = BuiltWithUnrealBuildTool|Win32
		{6F74447A-61DE-45EA-9872-E3736B5AD2F6}.DebugGame Editor|Win32.ActiveCfg = BuiltWithUnrealBuildTool|Win32
		{6F74447A-61DE-45EA-9872-E3736B5AD2F6}.DebugGame Editor|Win64.ActiveCfg = BuiltWithUnrealBuildTool|Win32
		{6F74447A-61DE-45EA-9872-E3736B5AD2F6}.DebugGame|HTML5.ActiveCfg = BuiltWithUnrealBuildTool|Win32
		{6F74447A-61DE-45EA-9872-E3736B5AD2F6}.DebugGame|Win32.ActiveCfg = BuiltWithUnrealBuildTool|Win32
		{6F74447A-61DE-45EA-9872-E3736B5AD2F6}.DebugGame|Win64.ActiveCfg = BuiltWithUnrealBuildTool|Win32
		{6F74447A-61DE-45EA-9872-E3736B5AD2F6}.Development Editor|HTML5.ActiveCfg = BuiltWithUnrealBuildTool|Win32
		{6F74447A-61DE-45EA-9872-E3736B5AD2F6}.Development Editor|Win32.ActiveCfg = BuiltWithUnrealBuildTool|Win32
		{6F74447A-61DE-45EA-9872-E3736B5AD2F6}.Development Editor|Win64.ActiveCfg = BuiltWithUnrealBuildTool|Win32
		{6F74447A-61DE-45EA-9872-E3736B5AD2F6}.Development|HTML5.ActiveCfg = BuiltWithUnrealBuildTool|Win32
		{6F74447A-61DE-45EA-9872-E3736B5AD2F6}.Development|Win32.ActiveCfg = BuiltWithUnrealBuildTool|Win32
		{6F74447A-61DE-45EA-9872-E3736B5AD2F6}.Development|Win64.ActiveCfg = BuiltWithUnrealBuildTool|Win32
		{6F74447A-61DE-45EA-9872-E3736B5AD2F6}.Shipping|HTML5.ActiveCfg = BuiltWithUnrealBuildTool|Win32
		{6F74447A-61DE-45EA-9872-E3736B5AD2F6}.Shipping|Win32.ActiveCfg = BuiltWithUnrealBuildTool|Win32
		{6F74447A-61DE-45EA-9872-E3736B5AD2F6}.Shipping|Win64.ActiveCfg = BuiltWithUnrealBuildTool|Win32
		{32248383-A02A-448E-BC68-9F2679A81828}.DebugGame Editor|HTML5.ActiveCfg = Invalid|Win32
		{32248383-A02A-448E-BC68-9F2679A81828}.DebugGame Editor|Win32.ActiveCfg = Invalid|Win32
		{32248383-A02A-448E-BC68-9F2679A81828}.DebugGame Editor|Win64.ActiveCfg = DebugGame_Editor|x64
		{32248383-A02A-448E-BC68-9F2679A81828}.DebugGame Editor|Win64.Build.0 = DebugGame_Editor|x64
		{32248383-A02A-448E-BC68-9F2679A81828}.DebugGame|HTML5.ActiveCfg = HTML5_DebugGame|Win32
		{32248383-A02A-448E-BC68-9F2679A81828}.DebugGame|HTML5.Build.0 = HTML5_DebugGame|Win32
		{32248383-A02A-448E-BC68-9F2679A81828}.DebugGame|Win32.ActiveCfg = DebugGame|Win32
		{32248383-A02A-448E-BC68-9F2679A81828}.DebugGame|Win32.Build.0 = DebugGame|Win32
		{32248383-A02A-448E-BC68-9F2679A81828}.DebugGame|Win64.ActiveCfg = DebugGame|x64
		{32248383-A02A-448E-BC68-9F2679A81828}.DebugGame|Win64.Build.0 = DebugGame|x64
		{32248383-A02A-448E-BC68-9F2679A81828}.Development Editor|HTML5.ActiveCfg = Invalid|Win32
		{32248383-A02A-448E-BC68-9F2679A81828}.Development Editor|Win32.ActiveCfg = Invalid|Win32
		{32248383-A02A-448E-BC68-9F2679A81828}.Development Editor|Win64.ActiveCfg = Development_Editor|x64
		{32248383-A02A-448E-BC68-9F2679A81828}.Development Editor|Win64.Build.0 = Development_Editor|x64
		{32248383-A02A-448E-BC68-9F2679A81828}.Development|HTML5.ActiveCfg = HTML5_Development|Win32
		{32248383-A02A-448E-BC68-9F2679A81828}.Development|HTML5.Build.0 = HTML5_Development|Win32
		{32248383-A02A-448E-BC68-9F2679A81828}.Development|Win32.ActiveCfg = Development|Win32
		{32248383-A02A-448E-BC68-9F2679A81828}.Development|Win32.Build.0 = Development|Win32
		{32248383-A02A-448E-BC68-9F2679A81828}.Development|Win64.ActiveCfg = Development|x64
		{32248383-A02A-448E-BC68-9F2679A81828}.Development|Win64.Build.0 = Development|x64
		{32248383-A02A-448E-BC68-9F2679A81828}.Shipping|HTML5.ActiveCfg = HTML5_Shipping|Win32
		{32248383-A02A-448E-BC68-9F2679A81828}.Shipping|HTML5.Build.0 = HTML5_Shipping|Win32
		{32248383-A02A-448E-BC68-9F2679A81828}.Shipping|Win32.ActiveCfg = Shipping|Win32
		{32248383-A02A-448E-BC68-9F2679A81828}.Shipping|Win32.Build.0 = Shipping|Win32
		{32248383-A02A-448E-BC68-9F2679A81828}.Shipping|Win64.ActiveCfg = Shipping|x64
		{32248383-A02A-448E-BC68-9F2679A81828}.Shipping|Win64.Build.0 = Shipping|x64
	EndGlobalSection
	GlobalSection(SolutionProperties) = preSolution
		HideSolutionNode = FALSE
	EndGlobalSection
	GlobalSection(NestedProjects) = preSolution
		{6F74447A-61DE-45EA-9872-E3736B5AD2F6} = {A1960258-BE1F-459D-894E-3EFF4BD966D1}
		{32248383-A02A-448E-BC68-9F2679A81828} = {E08D1906-F683-4B01-BEDC-D561C716B789}
	EndGlobalSection
EndGlobal
